// !$*UTF8*$!
{
	archiveVersion = 1;
	classes = {
	};
	objectVersion = 56;
	objects = {

/* Begin PBXBuildFile section */
		E73BFEDF2ADFE2AA002DA559 /* AppDelegate.swift in Sources */ = {isa = PBXBuildFile; fileRef = E73BFEDE2ADFE2AA002DA559 /* AppDelegate.swift */; };
		E73BFEE12ADFE2AA002DA559 /* SceneDelegate.swift in Sources */ = {isa = PBXBuildFile; fileRef = E73BFEE02ADFE2AA002DA559 /* SceneDelegate.swift */; };
		E73BFEE32ADFE2AA002DA559 /* ViewController.swift in Sources */ = {isa = PBXBuildFile; fileRef = E73BFEE22ADFE2AA002DA559 /* ViewController.swift */; };
		E73BFEE62ADFE2AA002DA559 /* Main.storyboard in Resources */ = {isa = PBXBuildFile; fileRef = E73BFEE42ADFE2AA002DA559 /* Main.storyboard */; };
		E73BFEE82ADFE2AB002DA559 /* Assets.xcassets in Resources */ = {isa = PBXBuildFile; fileRef = E73BFEE72ADFE2AB002DA559 /* Assets.xcassets */; };
		E73BFEEB2ADFE2AB002DA559 /* LaunchScreen.storyboard in Resources */ = {isa = PBXBuildFile; fileRef = E73BFEE92ADFE2AB002DA559 /* LaunchScreen.storyboard */; };
		E73BFEF42ADFE8FA002DA559 /* YandexMobileMetrica in Frameworks */ = {isa = PBXBuildFile; productRef = E73BFEF32ADFE8FA002DA559 /* YandexMobileMetrica */; };
		E73BFEF62ADFE8FA002DA559 /* YandexMobileMetricaCrashes in Frameworks */ = {isa = PBXBuildFile; productRef = E73BFEF52ADFE8FA002DA559 /* YandexMobileMetricaCrashes */; };
/* End PBXBuildFile section */

/* Begin PBXFileReference section */
		E73BFEDB2ADFE2AA002DA559 /* AppMetricaTest.app */ = {isa = PBXFileReference; explicitFileType = wrapper.application; includeInIndex = 0; path = AppMetricaTest.app; sourceTree = BUILT_PRODUCTS_DIR; };
		E73BFEDE2ADFE2AA002DA559 /* AppDelegate.swift */ = {isa = PBXFileReference; lastKnownFileType = sourcecode.swift; path = AppDelegate.swift; sourceTree = "<group>"; };
		E73BFEE02ADFE2AA002DA559 /* SceneDelegate.swift */ = {isa = PBXFileReference; lastKnownFileType = sourcecode.swift; path = SceneDelegate.swift; sourceTree = "<group>"; };
		E73BFEE22ADFE2AA002DA559 /* ViewController.swift */ = {isa = PBXFileReference; lastKnownFileType = sourcecode.swift; path = ViewController.swift; sourceTree = "<group>"; };
		E73BFEE52ADFE2AA002DA559 /* Base */ = {isa = PBXFileReference; lastKnownFileType = file.storyboard; name = Base; path = Base.lproj/Main.storyboard; sourceTree = "<group>"; };
		E73BFEE72ADFE2AB002DA559 /* Assets.xcassets */ = {isa = PBXFileReference; lastKnownFileType = folder.assetcatalog; path = Assets.xcassets; sourceTree = "<group>"; };
		E73BFEEA2ADFE2AB002DA559 /* Base */ = {isa = PBXFileReference; lastKnownFileType = file.storyboard; name = Base; path = Base.lproj/LaunchScreen.storyboard; sourceTree = "<group>"; };
		E73BFEEC2ADFE2AB002DA559 /* Info.plist */ = {isa = PBXFileReference; lastKnownFileType = text.plist.xml; path = Info.plist; sourceTree = "<group>"; };
/* End PBXFileReference section */

/* Begin PBXFrameworksBuildPhase section */
		E73BFED82ADFE2AA002DA559 /* Frameworks */ = {
			isa = PBXFrameworksBuildPhase;
			buildActionMask = 2147483647;
			files = (
				E73BFEF42ADFE8FA002DA559 /* YandexMobileMetrica in Frameworks */,
				E73BFEF62ADFE8FA002DA559 /* YandexMobileMetricaCrashes in Frameworks */,
			);
			runOnlyForDeploymentPostprocessing = 0;
		};
/* End PBXFrameworksBuildPhase section */

/* Begin PBXGroup section */
		E73BFED22ADFE2AA002DA559 = {
			isa = PBXGroup;
			children = (
				E73BFEDD2ADFE2AA002DA559 /* AppMetricaTest */,
				E73BFEDC2ADFE2AA002DA559 /* Products */,
			);
			sourceTree = "<group>";
		};
		E73BFEDC2ADFE2AA002DA559 /* Products */ = {
			isa = PBXGroup;
			children = (
				E73BFEDB2ADFE2AA002DA559 /* AppMetricaTest.app */,
			);
			name = Products;
			sourceTree = "<group>";
		};
		E73BFEDD2ADFE2AA002DA559 /* AppMetricaTest */ = {
			isa = PBXGroup;
			children = (
				E73BFEDE2ADFE2AA002DA559 /* AppDelegate.swift */,
				E73BFEE02ADFE2AA002DA559 /* SceneDelegate.swift */,
				E73BFEE22ADFE2AA002DA559 /* ViewController.swift */,
				E73BFEE42ADFE2AA002DA559 /* Main.storyboard */,
				E73BFEE72ADFE2AB002DA559 /* Assets.xcassets */,
				E73BFEE92ADFE2AB002DA559 /* LaunchScreen.storyboard */,
				E73BFEEC2ADFE2AB002DA559 /* Info.plist */,
			);
			path = AppMetricaTest;
			sourceTree = "<group>";
		};
/* End PBXGroup section */

/* Begin PBXNativeTarget section */
		E73BFEDA2ADFE2AA002DA559 /* AppMetricaTest */ = {
			isa = PBXNativeTarget;
			buildConfigurationList = E73BFEEF2ADFE2AB002DA559 /* Build configuration list for PBXNativeTarget "AppMetricaTest" */;
			buildPhases = (
				E73BFED72ADFE2AA002DA559 /* Sources */,
				E73BFED82ADFE2AA002DA559 /* Frameworks */,
				E73BFED92ADFE2AA002DA559 /* Resources */,
			);
			buildRules = (
			);
			dependencies = (
			);
			name = AppMetricaTest;
			packageProductDependencies = (
				E73BFEF32ADFE8FA002DA559 /* YandexMobileMetrica */,
				E73BFEF52ADFE8FA002DA559 /* YandexMobileMetricaCrashes */,
			);
			productName = AppMetricaTest;
			productReference = E73BFEDB2ADFE2AA002DA559 /* AppMetricaTest.app */;
			productType = "com.apple.product-type.application";
		};
/* End PBXNativeTarget section */

/* Begin PBXProject section */
		E73BFED32ADFE2AA002DA559 /* Project object */ = {
			isa = PBXProject;
			attributes = {
				BuildIndependentTargetsInParallel = 1;
				LastSwiftUpdateCheck = 1430;
				LastUpgradeCheck = 1430;
				TargetAttributes = {
					E73BFEDA2ADFE2AA002DA559 = {
						CreatedOnToolsVersion = 14.3;
					};
				};
			};
			buildConfigurationList = E73BFED62ADFE2AA002DA559 /* Build configuration list for PBXProject "AppMetricaTest" */;
			compatibilityVersion = "Xcode 14.0";
			developmentRegion = en;
			hasScannedForEncodings = 0;
			knownRegions = (
				en,
				Base,
			);
			mainGroup = E73BFED22ADFE2AA002DA559;
			packageReferences = (
				E73BFEF22ADFE8FA002DA559 /* XCRemoteSwiftPackageReference "metrica-sdk-ios" */,
			);
			productRefGroup = E73BFEDC2ADFE2AA002DA559 /* Products */;
			projectDirPath = "";
			projectRoot = "";
			targets = (
				E73BFEDA2ADFE2AA002DA559 /* AppMetricaTest */,
			);
		};
/* End PBXProject section */

/* Begin PBXResourcesBuildPhase section */
		E73BFED92ADFE2AA002DA559 /* Resources */ = {
			isa = PBXResourcesBuildPhase;
			buildActionMask = 2147483647;
			files = (
				E73BFEEB2ADFE2AB002DA559 /* LaunchScreen.storyboard in Resources */,
				E73BFEE82ADFE2AB002DA559 /* Assets.xcassets in Resources */,
				E73BFEE62ADFE2AA002DA559 /* Main.storyboard in Resources */,
			);
			runOnlyForDeploymentPostprocessing = 0;
		};
/* End PBXResourcesBuildPhase section */

/* Begin PBXSourcesBuildPhase section */
		E73BFED72ADFE2AA002DA559 /* Sources */ = {
			isa = PBXSourcesBuildPhase;
			buildActionMask = 2147483647;
			files = (
				E73BFEE32ADFE2AA002DA559 /* ViewController.swift in Sources */,
				E73BFEDF2ADFE2AA002DA559 /* AppDelegate.swift in Sources */,
				E73BFEE12ADFE2AA002DA559 /* SceneDelegate.swift in Sources */,
			);
			runOnlyForDeploymentPostprocessing = 0;
		};
/* End PBXSourcesBuildPhase section */

/* Begin PBXVariantGroup section */
		E73BFEE42ADFE2AA002DA559 /* Main.storyboard */ = {
			isa = PBXVariantGroup;
			children = (
				E73BFEE52ADFE2AA002DA559 /* Base */,
			);
			name = Main.storyboard;
			sourceTree = "<group>";
		};
		E73BFEE92ADFE2AB002DA559 /* LaunchScreen.storyboard */ = {
			isa = PBXVariantGroup;
			children = (
				E73BFEEA2ADFE2AB002DA559 /* Base */,
			);
			name = LaunchScreen.storyboard;
			sourceTree = "<group>";
		};
/* End PBXVariantGroup section */

/* Begin XCBuildConfiguration section */
		E73BFEED2ADFE2AB002DA559 /* Debug */ = {
			isa = XCBuildConfiguration;
			buildSettings = {
				ALWAYS_SEARCH_USER_PATHS = NO;
				CLANG_ANALYZER_NONNULL = YES;
				CLANG_ANALYZER_NUMBER_OBJECT_CONVERSION = YES_AGGRESSIVE;
				CLANG_CXX_LANGUAGE_STANDARD = "gnu++20";
				CLANG_ENABLE_MODULES = YES;
				CLANG_ENABLE_OBJC_ARC = YES;
				CLANG_ENABLE_OBJC_WEAK = YES;
				CLANG_WARN_BLOCK_CAPTURE_AUTORELEASING = YES;
				CLANG_WARN_BOOL_CONVERSION = YES;
				CLANG_WARN_COMMA = YES;
				CLANG_WARN_CONSTANT_CONVERSION = YES;
				CLANG_WARN_DEPRECATED_OBJC_IMPLEMENTATIONS = YES;
				CLANG_WARN_DIRECT_OBJC_ISA_USAGE = YES_ERROR;
				CLANG_WARN_DOCUMENTATION_COMMENTS = YES;
				CLANG_WARN_EMPTY_BODY = YES;
				CLANG_WARN_ENUM_CONVERSION = YES;
				CLANG_WARN_INFINITE_RECURSION = YES;
				CLANG_WARN_INT_CONVERSION = YES;
				CLANG_WARN_NON_LITERAL_NULL_CONVERSION = YES;
				CLANG_WARN_OBJC_IMPLICIT_RETAIN_SELF = YES;
				CLANG_WARN_OBJC_LITERAL_CONVERSION = YES;
				CLANG_WARN_OBJC_ROOT_CLASS = YES_ERROR;
				CLANG_WARN_QUOTED_INCLUDE_IN_FRAMEWORK_HEADER = YES;
				CLANG_WARN_RANGE_LOOP_ANALYSIS = YES;
				CLANG_WARN_STRICT_PROTOTYPES = YES;
				CLANG_WARN_SUSPICIOUS_MOVE = YES;
				CLANG_WARN_UNGUARDED_AVAILABILITY = YES_AGGRESSIVE;
				CLANG_WARN_UNREACHABLE_CODE = YES;
				CLANG_WARN__DUPLICATE_METHOD_MATCH = YES;
				COPY_PHASE_STRIP = NO;
				DEBUG_INFORMATION_FORMAT = dwarf;
				ENABLE_STRICT_OBJC_MSGSEND = YES;
				ENABLE_TESTABILITY = YES;
				GCC_C_LANGUAGE_STANDARD = gnu11;
				GCC_DYNAMIC_NO_PIC = NO;
				GCC_NO_COMMON_BLOCKS = YES;
				GCC_OPTIMIZATION_LEVEL = 0;
				GCC_PREPROCESSOR_DEFINITIONS = (
					"DEBUG=1",
					"$(inherited)",
				);
				GCC_WARN_64_TO_32_BIT_CONVERSION = YES;
				GCC_WARN_ABOUT_RETURN_TYPE = YES_ERROR;
				GCC_WARN_UNDECLARED_SELECTOR = YES;
				GCC_WARN_UNINITIALIZED_AUTOS = YES_AGGRESSIVE;
				GCC_WARN_UNUSED_FUNCTION = YES;
				GCC_WARN_UNUSED_VARIABLE = YES;
				IPHONEOS_DEPLOYMENT_TARGET = 16.4;
				MTL_ENABLE_DEBUG_INFO = INCLUDE_SOURCE;
				MTL_FAST_MATH = YES;
				ONLY_ACTIVE_ARCH = YES;
				SDKROOT = iphoneos;
				SWIFT_ACTIVE_COMPILATION_CONDITIONS = DEBUG;
				SWIFT_OPTIMIZATION_LEVEL = "-Onone";
			};
			name = Debug;
		};
		E73BFEEE2ADFE2AB002DA559 /* Release */ = {
			isa = XCBuildConfiguration;
			buildSettings = {
				ALWAYS_SEARCH_USER_PATHS = NO;
				CLANG_ANALYZER_NONNULL = YES;
				CLANG_ANALYZER_NUMBER_OBJECT_CONVERSION = YES_AGGRESSIVE;
				CLANG_CXX_LANGUAGE_STANDARD = "gnu++20";
				CLANG_ENABLE_MODULES = YES;
				CLANG_ENABLE_OBJC_ARC = YES;
				CLANG_ENABLE_OBJC_WEAK = YES;
				CLANG_WARN_BLOCK_CAPTURE_AUTORELEASING = YES;
				CLANG_WARN_BOOL_CONVERSION = YES;
				CLANG_WARN_COMMA = YES;
				CLANG_WARN_CONSTANT_CONVERSION = YES;
				CLANG_WARN_DEPRECATED_OBJC_IMPLEMENTATIONS = YES;
				CLANG_WARN_DIRECT_OBJC_ISA_USAGE = YES_ERROR;
				CLANG_WARN_DOCUMENTATION_COMMENTS = YES;
				CLANG_WARN_EMPTY_BODY = YES;
				CLANG_WARN_ENUM_CONVERSION = YES;
				CLANG_WARN_INFINITE_RECURSION = YES;
				CLANG_WARN_INT_CONVERSION = YES;
				CLANG_WARN_NON_LITERAL_NULL_CONVERSION = YES;
				CLANG_WARN_OBJC_IMPLICIT_RETAIN_SELF = YES;
				CLANG_WARN_OBJC_LITERAL_CONVERSION = YES;
				CLANG_WARN_OBJC_ROOT_CLASS = YES_ERROR;
				CLANG_WARN_QUOTED_INCLUDE_IN_FRAMEWORK_HEADER = YES;
				CLANG_WARN_RANGE_LOOP_ANALYSIS = YES;
				CLANG_WARN_STRICT_PROTOTYPES = YES;
				CLANG_WARN_SUSPICIOUS_MOVE = YES;
				CLANG_WARN_UNGUARDED_AVAILABILITY = YES_AGGRESSIVE;
				CLANG_WARN_UNREACHABLE_CODE = YES;
				CLANG_WARN__DUPLICATE_METHOD_MATCH = YES;
				COPY_PHASE_STRIP = NO;
				DEBUG_INFORMATION_FORMAT = "dwarf-with-dsym";
				ENABLE_NS_ASSERTIONS = NO;
				ENABLE_STRICT_OBJC_MSGSEND = YES;
				GCC_C_LANGUAGE_STANDARD = gnu11;
				GCC_NO_COMMON_BLOCKS = YES;
				GCC_WARN_64_TO_32_BIT_CONVERSION = YES;
				GCC_WARN_ABOUT_RETURN_TYPE = YES_ERROR;
				GCC_WARN_UNDECLARED_SELECTOR = YES;
				GCC_WARN_UNINITIALIZED_AUTOS = YES_AGGRESSIVE;
				GCC_WARN_UNUSED_FUNCTION = YES;
				GCC_WARN_UNUSED_VARIABLE = YES;
				IPHONEOS_DEPLOYMENT_TARGET = 16.4;
				MTL_ENABLE_DEBUG_INFO = NO;
				MTL_FAST_MATH = YES;
				SDKROOT = iphoneos;
				SWIFT_COMPILATION_MODE = wholemodule;
				SWIFT_OPTIMIZATION_LEVEL = "-O";
				VALIDATE_PRODUCT = YES;
			};
			name = Release;
		};
		E73BFEF02ADFE2AB002DA559 /* Debug */ = {
			isa = XCBuildConfiguration;
			buildSettings = {
				ASSETCATALOG_COMPILER_APPICON_NAME = AppIcon;
				ASSETCATALOG_COMPILER_GLOBAL_ACCENT_COLOR_NAME = AccentColor;
				CODE_SIGN_STYLE = Automatic;
				CURRENT_PROJECT_VERSION = 1;
				DEVELOPMENT_TEAM = WVUV9Z888F;
				GENERATE_INFOPLIST_FILE = YES;
				INFOPLIST_FILE = AppMetricaTest/Info.plist;
				INFOPLIST_KEY_UIApplicationSupportsIndirectInputEvents = YES;
				INFOPLIST_KEY_UILaunchStoryboardName = LaunchScreen;
				INFOPLIST_KEY_UIMainStoryboardFile = Main;
				INFOPLIST_KEY_UISupportedInterfaceOrientations_iPad = "UIInterfaceOrientationPortrait UIInterfaceOrientationPortraitUpsideDown UIInterfaceOrientationLandscapeLeft UIInterfaceOrientationLandscapeRight";
				INFOPLIST_KEY_UISupportedInterfaceOrientations_iPhone = "UIInterfaceOrientationPortrait UIInterfaceOrientationLandscapeLeft UIInterfaceOrientationLandscapeRight";
				LD_RUNPATH_SEARCH_PATHS = (
					"$(inherited)",
					"@executable_path/Frameworks",
				);
				MARKETING_VERSION = 1.0;
				PRODUCT_BUNDLE_IDENTIFIER = VA.AppMetricaTest;
				PRODUCT_NAME = "$(TARGET_NAME)";
				SWIFT_EMIT_LOC_STRINGS = YES;
				SWIFT_VERSION = 5.0;
				TARGETED_DEVICE_FAMILY = "1,2";
			};
			name = Debug;
		};
		E73BFEF12ADFE2AB002DA559 /* Release */ = {
			isa = XCBuildConfiguration;
			buildSettings = {
				ASSETCATALOG_COMPILER_APPICON_NAME = AppIcon;
				ASSETCATALOG_COMPILER_GLOBAL_ACCENT_COLOR_NAME = AccentColor;
				CODE_SIGN_STYLE = Automatic;
				CURRENT_PROJECT_VERSION = 1;
				DEVELOPMENT_TEAM = WVUV9Z888F;
				GENERATE_INFOPLIST_FILE = YES;
				INFOPLIST_FILE = AppMetricaTest/Info.plist;
				INFOPLIST_KEY_UIApplicationSupportsIndirectInputEvents = YES;
				INFOPLIST_KEY_UILaunchStoryboardName = LaunchScreen;
				INFOPLIST_KEY_UIMainStoryboardFile = Main;
				INFOPLIST_KEY_UISupportedInterfaceOrientations_iPad = "UIInterfaceOrientationPortrait UIInterfaceOrientationPortraitUpsideDown UIInterfaceOrientationLandscapeLeft UIInterfaceOrientationLandscapeRight";
				INFOPLIST_KEY_UISupportedInterfaceOrientations_iPhone = "UIInterfaceOrientationPortrait UIInterfaceOrientationLandscapeLeft UIInterfaceOrientationLandscapeRight";
				LD_RUNPATH_SEARCH_PATHS = (
					"$(inherited)",
					"@executable_path/Frameworks",
				);
				MARKETING_VERSION = 1.0;
				PRODUCT_BUNDLE_IDENTIFIER = VA.AppMetricaTest;
				PRODUCT_NAME = "$(TARGET_NAME)";
				SWIFT_EMIT_LOC_STRINGS = YES;
				SWIFT_VERSION = 5.0;
				TARGETED_DEVICE_FAMILY = "1,2";
			};
			name = Release;
		};
/* End XCBuildConfiguration section */

/* Begin XCConfigurationList section */
		E73BFED62ADFE2AA002DA559 /* Build configuration list for PBXProject "AppMetricaTest" */ = {
			isa = XCConfigurationList;
			buildConfigurations = (
				E73BFEED2ADFE2AB002DA559 /* Debug */,
				E73BFEEE2ADFE2AB002DA559 /* Release */,
			);
			defaultConfigurationIsVisible = 0;
			defaultConfigurationName = Release;
		};
		E73BFEEF2ADFE2AB002DA559 /* Build configuration list for PBXNativeTarget "AppMetricaTest" */ = {
			isa = XCConfigurationList;
			buildConfigurations = (
				E73BFEF02ADFE2AB002DA559 /* Debug */,
				E73BFEF12ADFE2AB002DA559 /* Release */,
			);
			defaultConfigurationIsVisible = 0;
			defaultConfigurationName = Release;
		};
/* End XCConfigurationList section */

/* Begin XCRemoteSwiftPackageReference section */
		E73BFEF22ADFE8FA002DA559 /* XCRemoteSwiftPackageReference "metrica-sdk-ios" */ = {
			isa = XCRemoteSwiftPackageReference;
			repositoryURL = "https://github.com/yandexmobile/metrica-sdk-ios";
			requirement = {
				kind = upToNextMajorVersion;
				minimumVersion = 4.0.0;
			};
		};
/* End XCRemoteSwiftPackageReference section */

/* Begin XCSwiftPackageProductDependency section */
		E73BFEF32ADFE8FA002DA559 /* YandexMobileMetrica */ = {
			isa = XCSwiftPackageProductDependency;
			package = E73BFEF22ADFE8FA002DA559 /* XCRemoteSwiftPackageReference "metrica-sdk-ios" */;
			productName = YandexMobileMetrica;
		};
		E73BFEF52ADFE8FA002DA559 /* YandexMobileMetricaCrashes */ = {
			isa = XCSwiftPackageProductDependency;
			package = E73BFEF22ADFE8FA002DA559 /* XCRemoteSwiftPackageReference "metrica-sdk-ios" */;
			productName = YandexMobileMetricaCrashes;
		};
/* End XCSwiftPackageProductDependency section */
	};
	rootObject = E73BFED32ADFE2AA002DA559 /* Project object */;
}
